
Microsoft Visual Studio Solution File, Format Version 12.00
# Visual Studio Version 16
VisualStudioVersion = 16.0.29215.179
MinimumVisualStudioVersion = 10.0.40219.1
Project("{FAE04EC0-301F-11D3-BF4B-00C04F79EFBC}") = "DieteticSNS", "DieteticSNS.csproj", "{6FE1C2F6-2013-480C-BDFC-DF46170F242D}"
EndProject
Global
	GlobalSection(SolutionConfigurationPlatforms) = preSolution
		Debug|Any CPU = Debug|Any CPU
		Release|Any CPU = Release|Any CPU
	EndGlobalSection
	GlobalSection(ProjectConfigurationPlatforms) = postSolution
		{6FE1C2F6-2013-480C-BDFC-DF46170F242D}.Debug|Any CPU.ActiveCfg = Debug|Any CPU
		{6FE1C2F6-2013-480C-BDFC-DF46170F242D}.Debug|Any CPU.Build.0 = Debug|Any CPU
		{6FE1C2F6-2013-480C-BDFC-DF46170F242D}.Release|Any CPU.ActiveCfg = Release|Any CPU
		{6FE1C2F6-2013-480C-BDFC-DF46170F242D}.Release|Any CPU.Build.0 = Release|Any CPU
	EndGlobalSection
	GlobalSection(SolutionProperties) = preSolution
		HideSolutionNode = FALSE
	EndGlobalSection
	GlobalSection(ExtensibilityGlobals) = postSolution
		SolutionGuid = {A73FBD9E-F4C5-4804-B86A-1EF95749134C}
	EndGlobalSection
EndGlobal
